// !$*UTF8*$!
{
	archiveVersion = 1;
	classes = {
	};
	objectVersion = 50;
	objects = {

/* Begin PBXBuildFile section */
		84A5CFC2D501FFEE573F86D3 /* Pods_testing.framework in Frameworks */ = {isa = PBXBuildFile; fileRef = 44822A8CA92E5B8E93633631 /* Pods_testing.framework */; };
		DBAFCF5020A17B4800F7ECCC /* AppDelegate.swift in Sources */ = {isa = PBXBuildFile; fileRef = DBAFCF4F20A17B4800F7ECCC /* AppDelegate.swift */; };
		DBAFCF5220A17B4800F7ECCC /* ViewController.swift in Sources */ = {isa = PBXBuildFile; fileRef = DBAFCF5120A17B4800F7ECCC /* ViewController.swift */; };
		DBAFCF5520A17B4800F7ECCC /* Main.storyboard in Resources */ = {isa = PBXBuildFile; fileRef = DBAFCF5320A17B4800F7ECCC /* Main.storyboard */; };
		DBAFCF5720A17B4A00F7ECCC /* Assets.xcassets in Resources */ = {isa = PBXBuildFile; fileRef = DBAFCF5620A17B4A00F7ECCC /* Assets.xcassets */; };
		DBAFCF5A20A17B4A00F7ECCC /* LaunchScreen.storyboard in Resources */ = {isa = PBXBuildFile; fileRef = DBAFCF5820A17B4A00F7ECCC /* LaunchScreen.storyboard */; };
/* End PBXBuildFile section */

/* Begin PBXFileReference section */
		44822A8CA92E5B8E93633631 /* Pods_testing.framework */ = {isa = PBXFileReference; explicitFileType = wrapper.framework; includeInIndex = 0; path = Pods_testing.framework; sourceTree = BUILT_PRODUCTS_DIR; };
		605C519060C3FBFAC0715798 /* Pods-testing.release.xcconfig */ = {isa = PBXFileReference; includeInIndex = 1; lastKnownFileType = text.xcconfig; name = "Pods-testing.release.xcconfig"; path = "Pods/Target Support Files/Pods-testing/Pods-testing.release.xcconfig"; sourceTree = "<group>"; };
		A6EADDB86619715C035116FA /* Pods-testing.debug.xcconfig */ = {isa = PBXFileReference; includeInIndex = 1; lastKnownFileType = text.xcconfig; name = "Pods-testing.debug.xcconfig"; path = "Pods/Target Support Files/Pods-testing/Pods-testing.debug.xcconfig"; sourceTree = "<group>"; };
		DBAFCF4C20A17B4800F7ECCC /* testing.app */ = {isa = PBXFileReference; explicitFileType = wrapper.application; includeInIndex = 0; path = testing.app; sourceTree = BUILT_PRODUCTS_DIR; };
		DBAFCF4F20A17B4800F7ECCC /* AppDelegate.swift */ = {isa = PBXFileReference; lastKnownFileType = sourcecode.swift; path = AppDelegate.swift; sourceTree = "<group>"; };
		DBAFCF5120A17B4800F7ECCC /* ViewController.swift */ = {isa = PBXFileReference; lastKnownFileType = sourcecode.swift; path = ViewController.swift; sourceTree = "<group>"; };
		DBAFCF5420A17B4800F7ECCC /* Base */ = {isa = PBXFileReference; lastKnownFileType = file.storyboard; name = Base; path = Base.lproj/Main.storyboard; sourceTree = "<group>"; };
		DBAFCF5620A17B4A00F7ECCC /* Assets.xcassets */ = {isa = PBXFileReference; lastKnownFileType = folder.assetcatalog; path = Assets.xcassets; sourceTree = "<group>"; };
		DBAFCF5920A17B4A00F7ECCC /* Base */ = {isa = PBXFileReference; lastKnownFileType = file.storyboard; name = Base; path = Base.lproj/LaunchScreen.storyboard; sourceTree = "<group>"; };
		DBAFCF5B20A17B4A00F7ECCC /* Info.plist */ = {isa = PBXFileReference; lastKnownFileType = text.plist.xml; path = Info.plist; sourceTree = "<group>"; };
/* End PBXFileReference section */

/* Begin PBXFrameworksBuildPhase section */
		DBAFCF4920A17B4800F7ECCC /* Frameworks */ = {
			isa = PBXFrameworksBuildPhase;
			buildActionMask = 2147483647;
			files = (
				84A5CFC2D501FFEE573F86D3 /* Pods_testing.framework in Frameworks */,
			);
			runOnlyForDeploymentPostprocessing = 0;
		};
/* End PBXFrameworksBuildPhase section */

/* Begin PBXGroup section */
		210CC84AEB9F706B97BFC9C9 /* Frameworks */ = {
			isa = PBXGroup;
			children = (
				44822A8CA92E5B8E93633631 /* Pods_testing.framework */,
			);
			name = Frameworks;
			sourceTree = "<group>";
		};
		DAF034C2BE26380EAA7AD50E /* Pods */ = {
			isa = PBXGroup;
			children = (
				A6EADDB86619715C035116FA /* Pods-testing.debug.xcconfig */,
				605C519060C3FBFAC0715798 /* Pods-testing.release.xcconfig */,
			);
			name = Pods;
			sourceTree = "<group>";
		};
		DBAFCF4320A17B4800F7ECCC = {
			isa = PBXGroup;
			children = (
				DBAFCF4E20A17B4800F7ECCC /* testing */,
				DBAFCF4D20A17B4800F7ECCC /* Products */,
				DAF034C2BE26380EAA7AD50E /* Pods */,
				210CC84AEB9F706B97BFC9C9 /* Frameworks */,
			);
			sourceTree = "<group>";
		};
		DBAFCF4D20A17B4800F7ECCC /* Products */ = {
			isa = PBXGroup;
			children = (
				DBAFCF4C20A17B4800F7ECCC /* testing.app */,
			);
			name = Products;
			sourceTree = "<group>";
		};
		DBAFCF4E20A17B4800F7ECCC /* testing */ = {
			isa = PBXGroup;
			children = (
				DBAFCF4F20A17B4800F7ECCC /* AppDelegate.swift */,
				DBAFCF5120A17B4800F7ECCC /* ViewController.swift */,
				DBAFCF5320A17B4800F7ECCC /* Main.storyboard */,
				DBAFCF5620A17B4A00F7ECCC /* Assets.xcassets */,
				DBAFCF5820A17B4A00F7ECCC /* LaunchScreen.storyboard */,
				DBAFCF5B20A17B4A00F7ECCC /* Info.plist */,
			);
			path = testing;
			sourceTree = "<group>";
		};
/* End PBXGroup section */

/* Begin PBXNativeTarget section */
		DBAFCF4B20A17B4800F7ECCC /* testing */ = {
			isa = PBXNativeTarget;
			buildConfigurationList = DBAFCF5E20A17B4A00F7ECCC /* Build configuration list for PBXNativeTarget "testing" */;
			buildPhases = (
				E3667798EEC879BAAE77AEB3 /* [CP] Check Pods Manifest.lock */,
				DBAFCF4820A17B4800F7ECCC /* Sources */,
				DBAFCF4920A17B4800F7ECCC /* Frameworks */,
				DBAFCF4A20A17B4800F7ECCC /* Resources */,
				5BB748B9E026D8F4F00BDF22 /* [CP] Embed Pods Frameworks */,
				4FAB271F6E3FD94853A88992 /* [CP] Copy Pods Resources */,
			);
			buildRules = (
			);
			dependencies = (
			);
			name = testing;
			productName = testing;
			productReference = DBAFCF4C20A17B4800F7ECCC /* testing.app */;
			productType = "com.apple.product-type.application";
		};
/* End PBXNativeTarget section */

/* Begin PBXProject section */
		DBAFCF4420A17B4800F7ECCC /* Project object */ = {
			isa = PBXProject;
			attributes = {
				LastSwiftUpdateCheck = 0930;
				LastUpgradeCheck = 0930;
				ORGANIZATIONNAME = "Yiwei Ni";
				TargetAttributes = {
					DBAFCF4B20A17B4800F7ECCC = {
						CreatedOnToolsVersion = 9.3;
						SystemCapabilities = {
							com.apple.WAC = {
								enabled = 0;
							};
						};
					};
				};
			};
			buildConfigurationList = DBAFCF4720A17B4800F7ECCC /* Build configuration list for PBXProject "testing" */;
			compatibilityVersion = "Xcode 9.3";
			developmentRegion = en;
			hasScannedForEncodings = 0;
			knownRegions = (
				en,
				Base,
			);
			mainGroup = DBAFCF4320A17B4800F7ECCC;
			productRefGroup = DBAFCF4D20A17B4800F7ECCC /* Products */;
			projectDirPath = "";
			projectRoot = "";
			targets = (
				DBAFCF4B20A17B4800F7ECCC /* testing */,
			);
		};
/* End PBXProject section */

/* Begin PBXResourcesBuildPhase section */
		DBAFCF4A20A17B4800F7ECCC /* Resources */ = {
			isa = PBXResourcesBuildPhase;
			buildActionMask = 2147483647;
			files = (
				DBAFCF5A20A17B4A00F7ECCC /* LaunchScreen.storyboard in Resources */,
				DBAFCF5720A17B4A00F7ECCC /* Assets.xcassets in Resources */,
				DBAFCF5520A17B4800F7ECCC /* Main.storyboard in Resources */,
			);
			runOnlyForDeploymentPostprocessing = 0;
		};
/* End PBXResourcesBuildPhase section */

/* Begin PBXShellScriptBuildPhase section */
		4FAB271F6E3FD94853A88992 /* [CP] Copy Pods Resources */ = {
			isa = PBXShellScriptBuildPhase;
			buildActionMask = 2147483647;
			files = (
			);
			inputPaths = (
			);
			name = "[CP] Copy Pods Resources";
			outputPaths = (
			);
			runOnlyForDeploymentPostprocessing = 0;
			shellPath = /bin/sh;
			shellScript = "\"${SRCROOT}/Pods/Target Support Files/Pods-testing/Pods-testing-resources.sh\"\n";
			showEnvVarsInLog = 0;
		};
		5BB748B9E026D8F4F00BDF22 /* [CP] Embed Pods Frameworks */ = {
			isa = PBXShellScriptBuildPhase;
			buildActionMask = 2147483647;
			files = (
			);
			inputPaths = (
				"${SRCROOT}/Pods/Target Support Files/Pods-testing/Pods-testing-frameworks.sh",
				"${BUILT_PRODUCTS_DIR}/Alamofire/Alamofire.framework",
			);
			name = "[CP] Embed Pods Frameworks";
			outputPaths = (
				"${TARGET_BUILD_DIR}/${FRAMEWORKS_FOLDER_PATH}/Alamofire.framework",
			);
			runOnlyForDeploymentPostprocessing = 0;
			shellPath = /bin/sh;
			shellScript = "\"${SRCROOT}/Pods/Target Support Files/Pods-testing/Pods-testing-frameworks.sh\"\n";
			showEnvVarsInLog = 0;
		};
		E3667798EEC879BAAE77AEB3 /* [CP] Check Pods Manifest.lock */ = {
			isa = PBXShellScriptBuildPhase;
			buildActionMask = 2147483647;
			files = (
			);
			inputPaths = (
				"${PODS_PODFILE_DIR_PATH}/Podfile.lock",
				"${PODS_ROOT}/Manifest.lock",
			);
			name = "[CP] Check Pods Manifest.lock";
			outputPaths = (
				"$(DERIVED_FILE_DIR)/Pods-testing-checkManifestLockResult.txt",
			);
			runOnlyForDeploymentPostprocessing = 0;
			shellPath = /bin/sh;
			shellScript = "diff \"${PODS_PODFILE_DIR_PATH}/Podfile.lock\" \"${PODS_ROOT}/Manifest.lock\" > /dev/null\nif [ $? != 0 ] ; then\n    # print error to STDERR\n    echo \"error: The sandbox is not in sync with the Podfile.lock. Run 'pod install' or update your CocoaPods installation.\" >&2\n    exit 1\nfi\n# This output is used by Xcode 'outputs' to avoid re-running this script phase.\necho \"SUCCESS\" > \"${SCRIPT_OUTPUT_FILE_0}\"\n";
			showEnvVarsInLog = 0;
		};
/* End PBXShellScriptBuildPhase section */

/* Begin PBXSourcesBuildPhase section */
		DBAFCF4820A17B4800F7ECCC /* Sources */ = {
			isa = PBXSourcesBuildPhase;
			buildActionMask = 2147483647;
			files = (
				DBAFCF5220A17B4800F7ECCC /* ViewController.swift in Sources */,
				DBAFCF5020A17B4800F7ECCC /* AppDelegate.swift in Sources */,
			);
			runOnlyForDeploymentPostprocessing = 0;
		};
/* End PBXSourcesBuildPhase section */

/* Begin PBXVariantGroup section */
		DBAFCF5320A17B4800F7ECCC /* Main.storyboard */ = {
			isa = PBXVariantGroup;
			children = (
				DBAFCF5420A17B4800F7ECCC /* Base */,
			);
			name = Main.storyboard;
			sourceTree = "<group>";
		};
		DBAFCF5820A17B4A00F7ECCC /* LaunchScreen.storyboard */ = {
			isa = PBXVariantGroup;
			children = (
				DBAFCF5920A17B4A00F7ECCC /* Base */,
			);
			name = LaunchScreen.storyboard;
			sourceTree = "<group>";
		};
/* End PBXVariantGroup section */

/* Begin XCBuildConfiguration section */
		DBAFCF5C20A17B4A00F7ECCC /* Debug */ = {
			isa = XCBuildConfiguration;
			buildSettings = {
				ALWAYS_SEARCH_USER_PATHS = NO;
				CLANG_ANALYZER_NONNULL = YES;
				CLANG_ANALYZER_NUMBER_OBJECT_CONVERSION = YES_AGGRESSIVE;
				CLANG_CXX_LANGUAGE_STANDARD = "gnu++14";
				CLANG_CXX_LIBRARY = "libc++";
				CLANG_ENABLE_MODULES = YES;
				CLANG_ENABLE_OBJC_ARC = YES;
				CLANG_ENABLE_OBJC_WEAK = YES;
				CLANG_WARN_BLOCK_CAPTURE_AUTORELEASING = YES;
				CLANG_WARN_BOOL_CONVERSION = YES;
				CLANG_WARN_COMMA = YES;
				CLANG_WARN_CONSTANT_CONVERSION = YES;
				CLANG_WARN_DEPRECATED_OBJC_IMPLEMENTATIONS = YES;
				CLANG_WARN_DIRECT_OBJC_ISA_USAGE = YES_ERROR;
				CLANG_WARN_DOCUMENTATION_COMMENTS = YES;
				CLANG_WARN_EMPTY_BODY = YES;
				CLANG_WARN_ENUM_CONVERSION = YES;
				CLANG_WARN_INFINITE_RECURSION = YES;
				CLANG_WARN_INT_CONVERSION = YES;
				CLANG_WARN_NON_LITERAL_NULL_CONVERSION = YES;
				CLANG_WARN_OBJC_IMPLICIT_RETAIN_SELF = YES;
				CLANG_WARN_OBJC_LITERAL_CONVERSION = YES;
				CLANG_WARN_OBJC_ROOT_CLASS = YES_ERROR;
				CLANG_WARN_RANGE_LOOP_ANALYSIS = YES;
				CLANG_WARN_STRICT_PROTOTYPES = YES;
				CLANG_WARN_SUSPICIOUS_MOVE = YES;
				CLANG_WARN_UNGUARDED_AVAILABILITY = YES_AGGRESSIVE;
				CLANG_WARN_UNREACHABLE_CODE = YES;
				CLANG_WARN__DUPLICATE_METHOD_MATCH = YES;
				CODE_SIGN_IDENTITY = "iPhone Developer";
				COPY_PHASE_STRIP = NO;
				DEBUG_INFORMATION_FORMAT = dwarf;
				ENABLE_STRICT_OBJC_MSGSEND = YES;
				ENABLE_TESTABILITY = YES;
				GCC_C_LANGUAGE_STANDARD = gnu11;
				GCC_DYNAMIC_NO_PIC = NO;
				GCC_NO_COMMON_BLOCKS = YES;
				GCC_OPTIMIZATION_LEVEL = 0;
				GCC_PREPROCESSOR_DEFINITIONS = (
					"DEBUG=1",
					"$(inherited)",
				);
				GCC_WARN_64_TO_32_BIT_CONVERSION = YES;
				GCC_WARN_ABOUT_RETURN_TYPE = YES_ERROR;
				GCC_WARN_UNDECLARED_SELECTOR = YES;
				GCC_WARN_UNINITIALIZED_AUTOS = YES_AGGRESSIVE;
				GCC_WARN_UNUSED_FUNCTION = YES;
				GCC_WARN_UNUSED_VARIABLE = YES;
				IPHONEOS_DEPLOYMENT_TARGET = 11.3;
				MTL_ENABLE_DEBUG_INFO = YES;
				ONLY_ACTIVE_ARCH = YES;
				SDKROOT = iphoneos;
				SWIFT_ACTIVE_COMPILATION_CONDITIONS = DEBUG;
				SWIFT_OPTIMIZATION_LEVEL = "-Onone";
			};
			name = Debug;
		};
		DBAFCF5D20A17B4A00F7ECCC /* Release */ = {
			isa = XCBuildConfiguration;
			buildSettings = {
				ALWAYS_SEARCH_USER_PATHS = NO;
				CLANG_ANALYZER_NONNULL = YES;
				CLANG_ANALYZER_NUMBER_OBJECT_CONVERSION = YES_AGGRESSIVE;
				CLANG_CXX_LANGUAGE_STANDARD = "gnu++14";
				CLANG_CXX_LIBRARY = "libc++";
				CLANG_ENABLE_MODULES = YES;
				CLANG_ENABLE_OBJC_ARC = YES;
				CLANG_ENABLE_OBJC_WEAK = YES;
				CLANG_WARN_BLOCK_CAPTURE_AUTORELEASING = YES;
				CLANG_WARN_BOOL_CONVERSION = YES;
				CLANG_WARN_COMMA = YES;
				CLANG_WARN_CONSTANT_CONVERSION = YES;
				CLANG_WARN_DEPRECATED_OBJC_IMPLEMENTATIONS = YES;
				CLANG_WARN_DIRECT_OBJC_ISA_USAGE = YES_ERROR;
				CLANG_WARN_DOCUMENTATION_COMMENTS = YES;
				CLANG_WARN_EMPTY_BODY = YES;
				CLANG_WARN_ENUM_CONVERSION = YES;
				CLANG_WARN_INFINITE_RECURSION = YES;
				CLANG_WARN_INT_CONVERSION = YES;
				CLANG_WARN_NON_LITERAL_NULL_CONVERSION = YES;
				CLANG_WARN_OBJC_IMPLICIT_RETAIN_SELF = YES;
				CLANG_WARN_OBJC_LITERAL_CONVERSION = YES;
				CLANG_WARN_OBJC_ROOT_CLASS = YES_ERROR;
				CLANG_WARN_RANGE_LOOP_ANALYSIS = YES;
				CLANG_WARN_STRICT_PROTOTYPES = YES;
				CLANG_WARN_SUSPICIOUS_MOVE = YES;
				CLANG_WARN_UNGUARDED_AVAILABILITY = YES_AGGRESSIVE;
				CLANG_WARN_UNREACHABLE_CODE = YES;
				CLANG_WARN__DUPLICATE_METHOD_MATCH = YES;
				CODE_SIGN_IDENTITY = "iPhone Developer";
				COPY_PHASE_STRIP = NO;
				DEBUG_INFORMATION_FORMAT = "dwarf-with-dsym";
				ENABLE_NS_ASSERTIONS = NO;
				ENABLE_STRICT_OBJC_MSGSEND = YES;
				GCC_C_LANGUAGE_STANDARD = gnu11;
				GCC_NO_COMMON_BLOCKS = YES;
				GCC_WARN_64_TO_32_BIT_CONVERSION = YES;
				GCC_WARN_ABOUT_RETURN_TYPE = YES_ERROR;
				GCC_WARN_UNDECLARED_SELECTOR = YES;
				GCC_WARN_UNINITIALIZED_AUTOS = YES_AGGRESSIVE;
				GCC_WARN_UNUSED_FUNCTION = YES;
				GCC_WARN_UNUSED_VARIABLE = YES;
				IPHONEOS_DEPLOYMENT_TARGET = 11.3;
				MTL_ENABLE_DEBUG_INFO = NO;
				SDKROOT = iphoneos;
				SWIFT_COMPILATION_MODE = wholemodule;
				SWIFT_OPTIMIZATION_LEVEL = "-O";
				VALIDATE_PRODUCT = YES;
			};
			name = Release;
		};
		DBAFCF5F20A17B4A00F7ECCC /* Debug */ = {
			isa = XCBuildConfiguration;
			baseConfigurationReference = A6EADDB86619715C035116FA /* Pods-testing.debug.xcconfig */;
			buildSettings = {
				ASSETCATALOG_COMPILER_APPICON_NAME = AppIcon;
				CODE_SIGN_STYLE = Automatic;
				DEVELOPMENT_TEAM = 26L85UYFPS;
				INFOPLIST_FILE = testing/Info.plist;
				LD_RUNPATH_SEARCH_PATHS = (
					"$(inherited)",
					"@executable_path/Frameworks",
				);
				PRODUCT_BUNDLE_IDENTIFIER = xyz.testing;
				PRODUCT_NAME = "$(TARGET_NAME)";
				SWIFT_VERSION = 4.0;
				TARGETED_DEVICE_FAMILY = "1,2";
			};
			name = Debug;
		};
		DBAFCF6020A17B4A00F7ECCC /* Release */ = {
			isa = XCBuildConfiguration;
			baseConfigurationReference = 605C519060C3FBFAC0715798 /* Pods-testing.release.xcconfig */;
			buildSettings = {
				ASSETCATALOG_COMPILER_APPICON_NAME = AppIcon;
				CODE_SIGN_STYLE = Automatic;
				DEVELOPMENT_TEAM = 26L85UYFPS;
				INFOPLIST_FILE = testing/Info.plist;
				LD_RUNPATH_SEARCH_PATHS = (
					"$(inherited)",
					"@executable_path/Frameworks",
				);
				PRODUCT_BUNDLE_IDENTIFIER = xyz.testing;
				PRODUCT_NAME = "$(TARGET_NAME)";
				SWIFT_VERSION = 4.0;
				TARGETED_DEVICE_FAMILY = "1,2";
			};
			name = Release;
		};
/* End XCBuildConfiguration section */

/* Begin XCConfigurationList section */
		DBAFCF4720A17B4800F7ECCC /* Build configuration list for PBXProject "testing" */ = {
			isa = XCConfigurationList;
			buildConfigurations = (
				DBAFCF5C20A17B4A00F7ECCC /* Debug */,
				DBAFCF5D20A17B4A00F7ECCC /* Release */,
			);
			defaultConfigurationIsVisible = 0;
			defaultConfigurationName = Release;
		};
		DBAFCF5E20A17B4A00F7ECCC /* Build configuration list for PBXNativeTarget "testing" */ = {
			isa = XCConfigurationList;
			buildConfigurations = (
				DBAFCF5F20A17B4A00F7ECCC /* Debug */,
				DBAFCF6020A17B4A00F7ECCC /* Release */,
			);
			defaultConfigurationIsVisible = 0;
			defaultConfigurationName = Release;
		};
/* End XCConfigurationList section */
	};
	rootObject = DBAFCF4420A17B4800F7ECCC /* Project object */;
}
